
Microsoft Visual Studio Solution File, Format Version 12.00
# Visual Studio Version 17
VisualStudioVersion = 17.2.32616.157
MinimumVisualStudioVersion = 10.0.40219.1
Project("{FAE04EC0-301F-11D3-BF4B-00C04F79EFBC}") = "YemekTarifiSitesi", "YemekTarifiSitesi\YemekTarifiSitesi.csproj", "{2951E67C-DC00-49E7-A731-0C7D13168085}"
EndProject
Project("{FAE04EC0-301F-11D3-BF4B-00C04F79EFBC}") = "BusinessLayer", "BusinessLayer\BusinessLayer.csproj", "{36AB3A36-EF09-4719-A027-F1510940CA5C}"
EndProject
Project("{FAE04EC0-301F-11D3-BF4B-00C04F79EFBC}") = "EntityLayer", "EntityLayer\EntityLayer.csproj", "{40EFFDD6-004A-4846-8563-A21A243019A6}"
EndProject
Project("{FAE04EC0-301F-11D3-BF4B-00C04F79EFBC}") = "DataAccessLayer", "DataAccessLayer\DataAccessLayer.csproj", "{58CE6FCF-CDAB-4ECC-8F8D-A2C36357BB60}"
EndProject
Global
	GlobalSection(SolutionConfigurationPlatforms) = preSolution
		Debug|Any CPU = Debug|Any CPU
		Release|Any CPU = Release|Any CPU
	EndGlobalSection
	GlobalSection(ProjectConfigurationPlatforms) = postSolution
		{2951E67C-DC00-49E7-A731-0C7D13168085}.Debug|Any CPU.ActiveCfg = Debug|Any CPU
		{2951E67C-DC00-49E7-A731-0C7D13168085}.Debug|Any CPU.Build.0 = Debug|Any CPU
		{2951E67C-DC00-49E7-A731-0C7D13168085}.Release|Any CPU.ActiveCfg = Release|Any CPU
		{2951E67C-DC00-49E7-A731-0C7D13168085}.Release|Any CPU.Build.0 = Release|Any CPU
		{36AB3A36-EF09-4719-A027-F1510940CA5C}.Debug|Any CPU.ActiveCfg = Debug|Any CPU
		{36AB3A36-EF09-4719-A027-F1510940CA5C}.Debug|Any CPU.Build.0 = Debug|Any CPU
		{36AB3A36-EF09-4719-A027-F1510940CA5C}.Release|Any CPU.ActiveCfg = Release|Any CPU
		{36AB3A36-EF09-4719-A027-F1510940CA5C}.Release|Any CPU.Build.0 = Release|Any CPU
		{40EFFDD6-004A-4846-8563-A21A243019A6}.Debug|Any CPU.ActiveCfg = Debug|Any CPU
		{40EFFDD6-004A-4846-8563-A21A243019A6}.Debug|Any CPU.Build.0 = Debug|Any CPU
		{40EFFDD6-004A-4846-8563-A21A243019A6}.Release|Any CPU.ActiveCfg = Release|Any CPU
		{40EFFDD6-004A-4846-8563-A21A243019A6}.Release|Any CPU.Build.0 = Release|Any CPU
		{58CE6FCF-CDAB-4ECC-8F8D-A2C36357BB60}.Debug|Any CPU.ActiveCfg = Debug|Any CPU
		{58CE6FCF-CDAB-4ECC-8F8D-A2C36357BB60}.Debug|Any CPU.Build.0 = Debug|Any CPU
		{58CE6FCF-CDAB-4ECC-8F8D-A2C36357BB60}.Release|Any CPU.ActiveCfg = Release|Any CPU
		{58CE6FCF-CDAB-4ECC-8F8D-A2C36357BB60}.Release|Any CPU.Build.0 = Release|Any CPU
	EndGlobalSection
	GlobalSection(SolutionProperties) = preSolution
		HideSolutionNode = FALSE
	EndGlobalSection
	GlobalSection(ExtensibilityGlobals) = postSolution
		SolutionGuid = {E485C9B5-19BC-4857-9CFD-6F297DFBDD31}
	EndGlobalSection
EndGlobal
